// !$*UTF8*$!
{
	archiveVersion = 1;
	classes = {
	};
	objectVersion = 48;
	objects = {

/* Begin PBXBuildFile section */
		4C1BB56CDA6C0FA17E956B50 /* Pods_SoMaHomework.framework in Frameworks */ = {isa = PBXBuildFile; fileRef = 74C93B9E7B91C63B85D25C86 /* Pods_SoMaHomework.framework */; };
		9835412F1FA588BB00CDE32E /* FriendCell.swift in Sources */ = {isa = PBXBuildFile; fileRef = 9835412E1FA588BB00CDE32E /* FriendCell.swift */; };
		983541311FA58C9E00CDE32E /* Friend.swift in Sources */ = {isa = PBXBuildFile; fileRef = 983541301FA58C9E00CDE32E /* Friend.swift */; };
		984F58351FA8577E00ED70CE /* FriendCell.xib in Resources */ = {isa = PBXBuildFile; fileRef = 984F58341FA8577E00ED70CE /* FriendCell.xib */; };
		988534401FA598DB0077505D /* Global.swift in Sources */ = {isa = PBXBuildFile; fileRef = 9885343F1FA598DB0077505D /* Global.swift */; };
		98A5FD211FA5835000EC88F1 /* WebViewController.swift in Sources */ = {isa = PBXBuildFile; fileRef = 98A5FD201FA5835000EC88F1 /* WebViewController.swift */; };
		98A5FD231FA5840900EC88F1 /* BestFriendsViewController.swift in Sources */ = {isa = PBXBuildFile; fileRef = 98A5FD221FA5840900EC88F1 /* BestFriendsViewController.swift */; };
		98E503731FA57BEA0093A998 /* AppDelegate.swift in Sources */ = {isa = PBXBuildFile; fileRef = 98E503721FA57BEA0093A998 /* AppDelegate.swift */; };
		98E503781FA57BEA0093A998 /* Main.storyboard in Resources */ = {isa = PBXBuildFile; fileRef = 98E503761FA57BEA0093A998 /* Main.storyboard */; };
		98E5037A1FA57BEA0093A998 /* Assets.xcassets in Resources */ = {isa = PBXBuildFile; fileRef = 98E503791FA57BEA0093A998 /* Assets.xcassets */; };
		98E5037D1FA57BEA0093A998 /* LaunchScreen.storyboard in Resources */ = {isa = PBXBuildFile; fileRef = 98E5037B1FA57BEA0093A998 /* LaunchScreen.storyboard */; };
		98E503851FA57CF50093A998 /* FriendsViewController.swift in Sources */ = {isa = PBXBuildFile; fileRef = 98E503841FA57CF50093A998 /* FriendsViewController.swift */; };
		98E503871FA57EA40093A998 /* DetailViewController.swift in Sources */ = {isa = PBXBuildFile; fileRef = 98E503861FA57EA40093A998 /* DetailViewController.swift */; };
/* End PBXBuildFile section */

/* Begin PBXFileReference section */
		4BBCE94E5913AF119027AD90 /* Pods-SoMaHomework.debug.xcconfig */ = {isa = PBXFileReference; includeInIndex = 1; lastKnownFileType = text.xcconfig; name = "Pods-SoMaHomework.debug.xcconfig"; path = "Pods/Target Support Files/Pods-SoMaHomework/Pods-SoMaHomework.debug.xcconfig"; sourceTree = "<group>"; };
		623F66A9BCD5B9A668F20A6C /* Pods-SoMaHomework.release.xcconfig */ = {isa = PBXFileReference; includeInIndex = 1; lastKnownFileType = text.xcconfig; name = "Pods-SoMaHomework.release.xcconfig"; path = "Pods/Target Support Files/Pods-SoMaHomework/Pods-SoMaHomework.release.xcconfig"; sourceTree = "<group>"; };
		74C93B9E7B91C63B85D25C86 /* Pods_SoMaHomework.framework */ = {isa = PBXFileReference; explicitFileType = wrapper.framework; includeInIndex = 0; path = Pods_SoMaHomework.framework; sourceTree = BUILT_PRODUCTS_DIR; };
		9835412E1FA588BB00CDE32E /* FriendCell.swift */ = {isa = PBXFileReference; lastKnownFileType = sourcecode.swift; path = FriendCell.swift; sourceTree = "<group>"; };
		983541301FA58C9E00CDE32E /* Friend.swift */ = {isa = PBXFileReference; lastKnownFileType = sourcecode.swift; path = Friend.swift; sourceTree = "<group>"; };
		984F58341FA8577E00ED70CE /* FriendCell.xib */ = {isa = PBXFileReference; lastKnownFileType = file.xib; path = FriendCell.xib; sourceTree = "<group>"; };
		9885343F1FA598DB0077505D /* Global.swift */ = {isa = PBXFileReference; lastKnownFileType = sourcecode.swift; path = Global.swift; sourceTree = "<group>"; };
		98A5FD201FA5835000EC88F1 /* WebViewController.swift */ = {isa = PBXFileReference; lastKnownFileType = sourcecode.swift; path = WebViewController.swift; sourceTree = "<group>"; };
		98A5FD221FA5840900EC88F1 /* BestFriendsViewController.swift */ = {isa = PBXFileReference; lastKnownFileType = sourcecode.swift; path = BestFriendsViewController.swift; sourceTree = "<group>"; };
		98E5036F1FA57BEA0093A998 /* SoMaHomework.app */ = {isa = PBXFileReference; explicitFileType = wrapper.application; includeInIndex = 0; path = SoMaHomework.app; sourceTree = BUILT_PRODUCTS_DIR; };
		98E503721FA57BEA0093A998 /* AppDelegate.swift */ = {isa = PBXFileReference; lastKnownFileType = sourcecode.swift; path = AppDelegate.swift; sourceTree = "<group>"; };
		98E503771FA57BEA0093A998 /* Base */ = {isa = PBXFileReference; lastKnownFileType = file.storyboard; name = Base; path = Base.lproj/Main.storyboard; sourceTree = "<group>"; };
		98E503791FA57BEA0093A998 /* Assets.xcassets */ = {isa = PBXFileReference; lastKnownFileType = folder.assetcatalog; path = Assets.xcassets; sourceTree = "<group>"; };
		98E5037C1FA57BEA0093A998 /* Base */ = {isa = PBXFileReference; lastKnownFileType = file.storyboard; name = Base; path = Base.lproj/LaunchScreen.storyboard; sourceTree = "<group>"; };
		98E5037E1FA57BEA0093A998 /* Info.plist */ = {isa = PBXFileReference; lastKnownFileType = text.plist.xml; path = Info.plist; sourceTree = "<group>"; };
		98E503841FA57CF50093A998 /* FriendsViewController.swift */ = {isa = PBXFileReference; lastKnownFileType = sourcecode.swift; path = FriendsViewController.swift; sourceTree = "<group>"; };
		98E503861FA57EA40093A998 /* DetailViewController.swift */ = {isa = PBXFileReference; lastKnownFileType = sourcecode.swift; path = DetailViewController.swift; sourceTree = "<group>"; };
/* End PBXFileReference section */

/* Begin PBXFrameworksBuildPhase section */
		98E5036C1FA57BEA0093A998 /* Frameworks */ = {
			isa = PBXFrameworksBuildPhase;
			buildActionMask = 2147483647;
			files = (
				4C1BB56CDA6C0FA17E956B50 /* Pods_SoMaHomework.framework in Frameworks */,
			);
			runOnlyForDeploymentPostprocessing = 0;
		};
/* End PBXFrameworksBuildPhase section */

/* Begin PBXGroup section */
		1F6D09E87EF745BB9BF41BBB /* Frameworks */ = {
			isa = PBXGroup;
			children = (
				74C93B9E7B91C63B85D25C86 /* Pods_SoMaHomework.framework */,
			);
			name = Frameworks;
			sourceTree = "<group>";
		};
		9835412D1FA588A300CDE32E /* ViewControllers */ = {
			isa = PBXGroup;
			children = (
				98E503841FA57CF50093A998 /* FriendsViewController.swift */,
				98E503861FA57EA40093A998 /* DetailViewController.swift */,
				98A5FD201FA5835000EC88F1 /* WebViewController.swift */,
				98A5FD221FA5840900EC88F1 /* BestFriendsViewController.swift */,
			);
			path = ViewControllers;
			sourceTree = "<group>";
		};
		98E503661FA57BEA0093A998 = {
			isa = PBXGroup;
			children = (
				98E503711FA57BEA0093A998 /* SoMaHomework */,
				98E503701FA57BEA0093A998 /* Products */,
				DC6AD2F0ACB53B979DA0725F /* Pods */,
				1F6D09E87EF745BB9BF41BBB /* Frameworks */,
			);
			sourceTree = "<group>";
		};
		98E503701FA57BEA0093A998 /* Products */ = {
			isa = PBXGroup;
			children = (
				98E5036F1FA57BEA0093A998 /* SoMaHomework.app */,
			);
			name = Products;
			sourceTree = "<group>";
		};
		98E503711FA57BEA0093A998 /* SoMaHomework */ = {
			isa = PBXGroup;
			children = (
				98E503721FA57BEA0093A998 /* AppDelegate.swift */,
				9835412E1FA588BB00CDE32E /* FriendCell.swift */,
				983541301FA58C9E00CDE32E /* Friend.swift */,
				9885343F1FA598DB0077505D /* Global.swift */,
				9835412D1FA588A300CDE32E /* ViewControllers */,
				98E503761FA57BEA0093A998 /* Main.storyboard */,
				984F58341FA8577E00ED70CE /* FriendCell.xib */,
				98E503791FA57BEA0093A998 /* Assets.xcassets */,
				98E5037B1FA57BEA0093A998 /* LaunchScreen.storyboard */,
				98E5037E1FA57BEA0093A998 /* Info.plist */,
			);
			path = SoMaHomework;
			sourceTree = "<group>";
		};
		DC6AD2F0ACB53B979DA0725F /* Pods */ = {
			isa = PBXGroup;
			children = (
				4BBCE94E5913AF119027AD90 /* Pods-SoMaHomework.debug.xcconfig */,
				623F66A9BCD5B9A668F20A6C /* Pods-SoMaHomework.release.xcconfig */,
			);
			name = Pods;
			sourceTree = "<group>";
		};
/* End PBXGroup section */

/* Begin PBXNativeTarget section */
		98E5036E1FA57BEA0093A998 /* SoMaHomework */ = {
			isa = PBXNativeTarget;
			buildConfigurationList = 98E503811FA57BEA0093A998 /* Build configuration list for PBXNativeTarget "SoMaHomework" */;
			buildPhases = (
				54B2A2A358CB437BC11F147D /* [CP] Check Pods Manifest.lock */,
				98E5036B1FA57BEA0093A998 /* Sources */,
				98E5036C1FA57BEA0093A998 /* Frameworks */,
				98E5036D1FA57BEA0093A998 /* Resources */,
				CFB51F6D618DA1D91E45FE27 /* [CP] Embed Pods Frameworks */,
				239380FD7BDB98F2C6C1EF25 /* [CP] Copy Pods Resources */,
			);
			buildRules = (
			);
			dependencies = (
			);
			name = SoMaHomework;
			productName = SoMaHomework;
			productReference = 98E5036F1FA57BEA0093A998 /* SoMaHomework.app */;
			productType = "com.apple.product-type.application";
		};
/* End PBXNativeTarget section */

/* Begin PBXProject section */
		98E503671FA57BEA0093A998 /* Project object */ = {
			isa = PBXProject;
			attributes = {
				LastSwiftUpdateCheck = 0900;
				LastUpgradeCheck = 0900;
				ORGANIZATIONNAME = k1mtruth;
				TargetAttributes = {
					98E5036E1FA57BEA0093A998 = {
						CreatedOnToolsVersion = 9.0;
						ProvisioningStyle = Automatic;
					};
				};
			};
			buildConfigurationList = 98E5036A1FA57BEA0093A998 /* Build configuration list for PBXProject "SoMaHomework" */;
			compatibilityVersion = "Xcode 8.0";
			developmentRegion = en;
			hasScannedForEncodings = 0;
			knownRegions = (
				en,
				Base,
			);
			mainGroup = 98E503661FA57BEA0093A998;
			productRefGroup = 98E503701FA57BEA0093A998 /* Products */;
			projectDirPath = "";
			projectRoot = "";
			targets = (
				98E5036E1FA57BEA0093A998 /* SoMaHomework */,
			);
		};
/* End PBXProject section */

/* Begin PBXResourcesBuildPhase section */
		98E5036D1FA57BEA0093A998 /* Resources */ = {
			isa = PBXResourcesBuildPhase;
			buildActionMask = 2147483647;
			files = (
				98E5037D1FA57BEA0093A998 /* LaunchScreen.storyboard in Resources */,
				98E5037A1FA57BEA0093A998 /* Assets.xcassets in Resources */,
				98E503781FA57BEA0093A998 /* Main.storyboard in Resources */,
				984F58351FA8577E00ED70CE /* FriendCell.xib in Resources */,
			);
			runOnlyForDeploymentPostprocessing = 0;
		};
/* End PBXResourcesBuildPhase section */

/* Begin PBXShellScriptBuildPhase section */
		239380FD7BDB98F2C6C1EF25 /* [CP] Copy Pods Resources */ = {
			isa = PBXShellScriptBuildPhase;
			buildActionMask = 2147483647;
			files = (
			);
			inputPaths = (
			);
			name = "[CP] Copy Pods Resources";
			outputPaths = (
			);
			runOnlyForDeploymentPostprocessing = 0;
			shellPath = /bin/sh;
			shellScript = "\"${SRCROOT}/Pods/Target Support Files/Pods-SoMaHomework/Pods-SoMaHomework-resources.sh\"\n";
			showEnvVarsInLog = 0;
		};
		54B2A2A358CB437BC11F147D /* [CP] Check Pods Manifest.lock */ = {
			isa = PBXShellScriptBuildPhase;
			buildActionMask = 2147483647;
			files = (
			);
			inputPaths = (
			);
			name = "[CP] Check Pods Manifest.lock";
			outputPaths = (
			);
			runOnlyForDeploymentPostprocessing = 0;
			shellPath = /bin/sh;
			shellScript = "diff \"${PODS_ROOT}/../Podfile.lock\" \"${PODS_ROOT}/Manifest.lock\" > /dev/null\nif [ $? != 0 ] ; then\n    # print error to STDERR\n    echo \"error: The sandbox is not in sync with the Podfile.lock. Run 'pod install' or update your CocoaPods installation.\" >&2\n    exit 1\nfi\n";
			showEnvVarsInLog = 0;
		};
		CFB51F6D618DA1D91E45FE27 /* [CP] Embed Pods Frameworks */ = {
			isa = PBXShellScriptBuildPhase;
			buildActionMask = 2147483647;
			files = (
			);
			inputPaths = (
			);
			name = "[CP] Embed Pods Frameworks";
			outputPaths = (
			);
			runOnlyForDeploymentPostprocessing = 0;
			shellPath = /bin/sh;
			shellScript = "\"${SRCROOT}/Pods/Target Support Files/Pods-SoMaHomework/Pods-SoMaHomework-frameworks.sh\"\n";
			showEnvVarsInLog = 0;
		};
/* End PBXShellScriptBuildPhase section */

/* Begin PBXSourcesBuildPhase section */
		98E5036B1FA57BEA0093A998 /* Sources */ = {
			isa = PBXSourcesBuildPhase;
			buildActionMask = 2147483647;
			files = (
				988534401FA598DB0077505D /* Global.swift in Sources */,
				98E503871FA57EA40093A998 /* DetailViewController.swift in Sources */,
				983541311FA58C9E00CDE32E /* Friend.swift in Sources */,
				9835412F1FA588BB00CDE32E /* FriendCell.swift in Sources */,
				98A5FD231FA5840900EC88F1 /* BestFriendsViewController.swift in Sources */,
				98E503851FA57CF50093A998 /* FriendsViewController.swift in Sources */,
				98E503731FA57BEA0093A998 /* AppDelegate.swift in Sources */,
				98A5FD211FA5835000EC88F1 /* WebViewController.swift in Sources */,
			);
			runOnlyForDeploymentPostprocessing = 0;
		};
/* End PBXSourcesBuildPhase section */

/* Begin PBXVariantGroup section */
		98E503761FA57BEA0093A998 /* Main.storyboard */ = {
			isa = PBXVariantGroup;
			children = (
				98E503771FA57BEA0093A998 /* Base */,
			);
			name = Main.storyboard;
			sourceTree = "<group>";
		};
		98E5037B1FA57BEA0093A998 /* LaunchScreen.storyboard */ = {
			isa = PBXVariantGroup;
			children = (
				98E5037C1FA57BEA0093A998 /* Base */,
			);
			name = LaunchScreen.storyboard;
			sourceTree = "<group>";
		};
/* End PBXVariantGroup section */

/* Begin XCBuildConfiguration section */
		98E5037F1FA57BEA0093A998 /* Debug */ = {
			isa = XCBuildConfiguration;
			buildSettings = {
				ALWAYS_SEARCH_USER_PATHS = NO;
				CLANG_ANALYZER_NONNULL = YES;
				CLANG_ANALYZER_NUMBER_OBJECT_CONVERSION = YES_AGGRESSIVE;
				CLANG_CXX_LANGUAGE_STANDARD = "gnu++14";
				CLANG_CXX_LIBRARY = "libc++";
				CLANG_ENABLE_MODULES = YES;
				CLANG_ENABLE_OBJC_ARC = YES;
				CLANG_WARN_BLOCK_CAPTURE_AUTORELEASING = YES;
				CLANG_WARN_BOOL_CONVERSION = YES;
				CLANG_WARN_COMMA = YES;
				CLANG_WARN_CONSTANT_CONVERSION = YES;
				CLANG_WARN_DIRECT_OBJC_ISA_USAGE = YES_ERROR;
				CLANG_WARN_DOCUMENTATION_COMMENTS = YES;
				CLANG_WARN_EMPTY_BODY = YES;
				CLANG_WARN_ENUM_CONVERSION = YES;
				CLANG_WARN_INFINITE_RECURSION = YES;
				CLANG_WARN_INT_CONVERSION = YES;
				CLANG_WARN_NON_LITERAL_NULL_CONVERSION = YES;
				CLANG_WARN_OBJC_LITERAL_CONVERSION = YES;
				CLANG_WARN_OBJC_ROOT_CLASS = YES_ERROR;
				CLANG_WARN_RANGE_LOOP_ANALYSIS = YES;
				CLANG_WARN_STRICT_PROTOTYPES = YES;
				CLANG_WARN_SUSPICIOUS_MOVE = YES;
				CLANG_WARN_UNGUARDED_AVAILABILITY = YES_AGGRESSIVE;
				CLANG_WARN_UNREACHABLE_CODE = YES;
				CLANG_WARN__DUPLICATE_METHOD_MATCH = YES;
				CODE_SIGN_IDENTITY = "iPhone Developer";
				COPY_PHASE_STRIP = NO;
				DEBUG_INFORMATION_FORMAT = dwarf;
				ENABLE_STRICT_OBJC_MSGSEND = YES;
				ENABLE_TESTABILITY = YES;
				GCC_C_LANGUAGE_STANDARD = gnu11;
				GCC_DYNAMIC_NO_PIC = NO;
				GCC_NO_COMMON_BLOCKS = YES;
				GCC_OPTIMIZATION_LEVEL = 0;
				GCC_PREPROCESSOR_DEFINITIONS = (
					"DEBUG=1",
					"$(inherited)",
				);
				GCC_WARN_64_TO_32_BIT_CONVERSION = YES;
				GCC_WARN_ABOUT_RETURN_TYPE = YES_ERROR;
				GCC_WARN_UNDECLARED_SELECTOR = YES;
				GCC_WARN_UNINITIALIZED_AUTOS = YES_AGGRESSIVE;
				GCC_WARN_UNUSED_FUNCTION = YES;
				GCC_WARN_UNUSED_VARIABLE = YES;
				IPHONEOS_DEPLOYMENT_TARGET = 11.0;
				MTL_ENABLE_DEBUG_INFO = YES;
				ONLY_ACTIVE_ARCH = YES;
				SDKROOT = iphoneos;
				SWIFT_ACTIVE_COMPILATION_CONDITIONS = DEBUG;
				SWIFT_OPTIMIZATION_LEVEL = "-Onone";
			};
			name = Debug;
		};
		98E503801FA57BEA0093A998 /* Release */ = {
			isa = XCBuildConfiguration;
			buildSettings = {
				ALWAYS_SEARCH_USER_PATHS = NO;
				CLANG_ANALYZER_NONNULL = YES;
				CLANG_ANALYZER_NUMBER_OBJECT_CONVERSION = YES_AGGRESSIVE;
				CLANG_CXX_LANGUAGE_STANDARD = "gnu++14";
				CLANG_CXX_LIBRARY = "libc++";
				CLANG_ENABLE_MODULES = YES;
				CLANG_ENABLE_OBJC_ARC = YES;
				CLANG_WARN_BLOCK_CAPTURE_AUTORELEASING = YES;
				CLANG_WARN_BOOL_CONVERSION = YES;
				CLANG_WARN_COMMA = YES;
				CLANG_WARN_CONSTANT_CONVERSION = YES;
				CLANG_WARN_DIRECT_OBJC_ISA_USAGE = YES_ERROR;
				CLANG_WARN_DOCUMENTATION_COMMENTS = YES;
				CLANG_WARN_EMPTY_BODY = YES;
				CLANG_WARN_ENUM_CONVERSION = YES;
				CLANG_WARN_INFINITE_RECURSION = YES;
				CLANG_WARN_INT_CONVERSION = YES;
				CLANG_WARN_NON_LITERAL_NULL_CONVERSION = YES;
				CLANG_WARN_OBJC_LITERAL_CONVERSION = YES;
				CLANG_WARN_OBJC_ROOT_CLASS = YES_ERROR;
				CLANG_WARN_RANGE_LOOP_ANALYSIS = YES;
				CLANG_WARN_STRICT_PROTOTYPES = YES;
				CLANG_WARN_SUSPICIOUS_MOVE = YES;
				CLANG_WARN_UNGUARDED_AVAILABILITY = YES_AGGRESSIVE;
				CLANG_WARN_UNREACHABLE_CODE = YES;
				CLANG_WARN__DUPLICATE_METHOD_MATCH = YES;
				CODE_SIGN_IDENTITY = "iPhone Developer";
				COPY_PHASE_STRIP = NO;
				DEBUG_INFORMATION_FORMAT = "dwarf-with-dsym";
				ENABLE_NS_ASSERTIONS = NO;
				ENABLE_STRICT_OBJC_MSGSEND = YES;
				GCC_C_LANGUAGE_STANDARD = gnu11;
				GCC_NO_COMMON_BLOCKS = YES;
				GCC_WARN_64_TO_32_BIT_CONVERSION = YES;
				GCC_WARN_ABOUT_RETURN_TYPE = YES_ERROR;
				GCC_WARN_UNDECLARED_SELECTOR = YES;
				GCC_WARN_UNINITIALIZED_AUTOS = YES_AGGRESSIVE;
				GCC_WARN_UNUSED_FUNCTION = YES;
				GCC_WARN_UNUSED_VARIABLE = YES;
				IPHONEOS_DEPLOYMENT_TARGET = 11.0;
				MTL_ENABLE_DEBUG_INFO = NO;
				SDKROOT = iphoneos;
				SWIFT_OPTIMIZATION_LEVEL = "-Owholemodule";
				VALIDATE_PRODUCT = YES;
			};
			name = Release;
		};
		98E503821FA57BEA0093A998 /* Debug */ = {
			isa = XCBuildConfiguration;
			baseConfigurationReference = 4BBCE94E5913AF119027AD90 /* Pods-SoMaHomework.debug.xcconfig */;
			buildSettings = {
				ASSETCATALOG_COMPILER_APPICON_NAME = AppIcon;
				CODE_SIGN_STYLE = Automatic;
				DEVELOPMENT_TEAM = Z79MDNXYJV;
				INFOPLIST_FILE = SoMaHomework/Info.plist;
				IPHONEOS_DEPLOYMENT_TARGET = 11.0;
				LD_RUNPATH_SEARCH_PATHS = "$(inherited) @executable_path/Frameworks";
				PRODUCT_BUNDLE_IDENTIFIER = kr.mikumiku.SoMaHomework;
				PRODUCT_NAME = "$(TARGET_NAME)";
				SWIFT_VERSION = 4.0;
				TARGETED_DEVICE_FAMILY = 1;
			};
			name = Debug;
		};
		98E503831FA57BEA0093A998 /* Release */ = {
			isa = XCBuildConfiguration;
			baseConfigurationReference = 623F66A9BCD5B9A668F20A6C /* Pods-SoMaHomework.release.xcconfig */;
			buildSettings = {
				ASSETCATALOG_COMPILER_APPICON_NAME = AppIcon;
				CODE_SIGN_STYLE = Automatic;
				DEVELOPMENT_TEAM = Z79MDNXYJV;
				INFOPLIST_FILE = SoMaHomework/Info.plist;
				IPHONEOS_DEPLOYMENT_TARGET = 11.0;
				LD_RUNPATH_SEARCH_PATHS = "$(inherited) @executable_path/Frameworks";
				PRODUCT_BUNDLE_IDENTIFIER = kr.mikumiku.SoMaHomework;
				PRODUCT_NAME = "$(TARGET_NAME)";
				SWIFT_VERSION = 4.0;
				TARGETED_DEVICE_FAMILY = 1;
			};
			name = Release;
		};
/* End XCBuildConfiguration section */

/* Begin XCConfigurationList section */
		98E5036A1FA57BEA0093A998 /* Build configuration list for PBXProject "SoMaHomework" */ = {
			isa = XCConfigurationList;
			buildConfigurations = (
				98E5037F1FA57BEA0093A998 /* Debug */,
				98E503801FA57BEA0093A998 /* Release */,
			);
			defaultConfigurationIsVisible = 0;
			defaultConfigurationName = Release;
		};
		98E503811FA57BEA0093A998 /* Build configuration list for PBXNativeTarget "SoMaHomework" */ = {
			isa = XCConfigurationList;
			buildConfigurations = (
				98E503821FA57BEA0093A998 /* Debug */,
				98E503831FA57BEA0093A998 /* Release */,
			);
			defaultConfigurationIsVisible = 0;
			defaultConfigurationName = Release;
		};
/* End XCConfigurationList section */
	};
	rootObject = 98E503671FA57BEA0093A998 /* Project object */;
}
